{
    "_readme": [
        "This file locks the dependencies of your project to a known state",
        "Read more about it at https://getcomposer.org/doc/01-basic-usage.md#composer-lock-the-lock-file",
        "This file is @generated automatically"
    ],
    "content-hash": "63a0cedfe1e684e13f33cf0ff4297c9a",
    "packages": [
        {
            "name": "php-pagination/php-pagination",
            "version": "2.0.1",
            "source": {
                "type": "git",
                "url": "https://github.com/rafapaulino/PHP-Pagination.git",
                "reference": "22cf08dbe463a5e4d775da9af781f1bff10f49bc"
            },
            "dist": {
                "type": "zip",
                "url": "https://api.github.com/repos/rafapaulino/PHP-Pagination/zipball/22cf08dbe463a5e4d775da9af781f1bff10f49bc",
                "reference": "22cf08dbe463a5e4d775da9af781f1bff10f49bc",
                "shasum": ""
            },
            "require": {
                "php": ">=7.0"
            },
            "require-dev": {
                "phpunit/phpunit": "5.5.*"
            },
            "type": "library",
            "autoload": {
                "psr-4": {
                    "Pagination\\": "src/"
                },
                "classmap": [
                    "src"
                ]
            },
            "notification-url": "https://packagist.org/downloads/",
            "license": [
                "BSD-3-Clause"
            ],
            "authors": [
                {
                    "name": "Rafael Paulino",
                    "email": "rafaclasses@gmail.com",
                    "homepage": "http://rafaacademy.com"
                }
            ],
            "description": "PHP Pagination Class with 4 types: Simple Pagination, Google Pagination, Digg/PHPBB Pagination Style.",
            "keywords": [
                "page",
                "pagination",
                "paginator",
                "paging"
            ],
            "time": "2017-06-27T19:18:32+00:00"
        }
    ],
    "packages-dev": [],
    "aliases": [],
    "minimum-stability": "stable",
    "stability-flags": [],
    "prefer-stable": false,
    "prefer-lowest": false,
    "platform": [],
    "platform-dev": []
}
